
Microsoft Visual Studio Solution File, Format Version 12.00
# Visual Studio 15
VisualStudioVersion = 15.0.27130.2036
MinimumVisualStudioVersion = 10.0.40219.1
Project("{FAE04EC0-301F-11D3-BF4B-00C04F79EFBC}") = "account manager wpf", "account manager wpf\account manager wpf.csproj", "{B5575C05-C30F-41D8-B00C-0D798DBF4D2D}"
EndProject
Global
	GlobalSection(SolutionConfigurationPlatforms) = preSolution
		Debug|Any CPU = Debug|Any CPU
		Release|Any CPU = Release|Any CPU
	EndGlobalSection
	GlobalSection(ProjectConfigurationPlatforms) = postSolution
		{B5575C05-C30F-41D8-B00C-0D798DBF4D2D}.Debug|Any CPU.ActiveCfg = Debug|Any CPU
		{B5575C05-C30F-41D8-B00C-0D798DBF4D2D}.Debug|Any CPU.Build.0 = Debug|Any CPU
		{B5575C05-C30F-41D8-B00C-0D798DBF4D2D}.Release|Any CPU.ActiveCfg = Release|Any CPU
		{B5575C05-C30F-41D8-B00C-0D798DBF4D2D}.Release|Any CPU.Build.0 = Release|Any CPU
	EndGlobalSection
	GlobalSection(SolutionProperties) = preSolution
		HideSolutionNode = FALSE
	EndGlobalSection
	GlobalSection(ExtensibilityGlobals) = postSolution
		SolutionGuid = {0D5DB74C-63EE-4836-BB1D-E894780A6DBC}
	EndGlobalSection
EndGlobal
